
Microsoft Visual Studio Solution File, Format Version 12.00
# Visual Studio Version 17
VisualStudioVersion = 17.3.32929.385
MinimumVisualStudioVersion = 10.0.40219.1
Project("{FAE04EC0-301F-11D3-BF4B-00C04F79EFBC}") = "ProyectoFisica", "ProyectoFisica\ProyectoFisica.csproj", "{AACF12B2-A7FD-484C-9108-CF6C108F3788}"
EndProject
Global
	GlobalSection(SolutionConfigurationPlatforms) = preSolution
		Debug|Any CPU = Debug|Any CPU
		Release|Any CPU = Release|Any CPU
	EndGlobalSection
	GlobalSection(ProjectConfigurationPlatforms) = postSolution
		{AACF12B2-A7FD-484C-9108-CF6C108F3788}.Debug|Any CPU.ActiveCfg = Debug|Any CPU
		{AACF12B2-A7FD-484C-9108-CF6C108F3788}.Debug|Any CPU.Build.0 = Debug|Any CPU
		{AACF12B2-A7FD-484C-9108-CF6C108F3788}.Release|Any CPU.ActiveCfg = Release|Any CPU
		{AACF12B2-A7FD-484C-9108-CF6C108F3788}.Release|Any CPU.Build.0 = Release|Any CPU
	EndGlobalSection
	GlobalSection(SolutionProperties) = preSolution
		HideSolutionNode = FALSE
	EndGlobalSection
	GlobalSection(ExtensibilityGlobals) = postSolution
		SolutionGuid = {DAFB0E26-9D14-4E78-A43D-FD83C92726D3}
	EndGlobalSection
EndGlobal
